
Microsoft Visual Studio Solution File, Format Version 12.00
# Visual Studio Version 17
VisualStudioVersion = 17.9.34723.18
MinimumVisualStudioVersion = 10.0.40219.1
Project("{FAE04EC0-301F-11D3-BF4B-00C04F79EFBC}") = "CatsandMouse", "CatsandMouse\CatsandMouse.csproj", "{ABEA3D7A-579C-468C-964E-282CEA599352}"
EndProject
Global
	GlobalSection(SolutionConfigurationPlatforms) = preSolution
		Debug|Any CPU = Debug|Any CPU
		Release|Any CPU = Release|Any CPU
	EndGlobalSection
	GlobalSection(ProjectConfigurationPlatforms) = postSolution
		{ABEA3D7A-579C-468C-964E-282CEA599352}.Debug|Any CPU.ActiveCfg = Debug|Any CPU
		{ABEA3D7A-579C-468C-964E-282CEA599352}.Debug|Any CPU.Build.0 = Debug|Any CPU
		{ABEA3D7A-579C-468C-964E-282CEA599352}.Release|Any CPU.ActiveCfg = Release|Any CPU
		{ABEA3D7A-579C-468C-964E-282CEA599352}.Release|Any CPU.Build.0 = Release|Any CPU
	EndGlobalSection
	GlobalSection(SolutionProperties) = preSolution
		HideSolutionNode = FALSE
	EndGlobalSection
	GlobalSection(ExtensibilityGlobals) = postSolution
		SolutionGuid = {405321D3-96A7-4E69-AD9D-FFE9F8E9EAFC}
	EndGlobalSection
EndGlobal
